
Microsoft Visual Studio Solution File, Format Version 12.00
# Visual Studio 14
VisualStudioVersion = 14.0.23107.0
MinimumVisualStudioVersion = 10.0.40219.1
Project("{FAE04EC0-301F-11D3-BF4B-00C04F79EFBC}") = "CollegeManagement", "CollegeManagement\CollegeManagement.csproj", "{CBDA3C30-8B22-41BE-B5D5-43943A0A4A6A}"
EndProject
Project("{FAE04EC0-301F-11D3-BF4B-00C04F79EFBC}") = "DLL", "DLL\DLL.csproj", "{1DFB7332-0017-4C9F-8CDA-E69048F0BEF8}"
EndProject
Project("{FAE04EC0-301F-11D3-BF4B-00C04F79EFBC}") = "WcfService", "WcfService\WcfService.csproj", "{2456D8E7-899A-4026-8947-91D95F260733}"
EndProject
Global
	GlobalSection(SolutionConfigurationPlatforms) = preSolution
		Debug|Any CPU = Debug|Any CPU
		Release|Any CPU = Release|Any CPU
	EndGlobalSection
	GlobalSection(ProjectConfigurationPlatforms) = postSolution
		{CBDA3C30-8B22-41BE-B5D5-43943A0A4A6A}.Debug|Any CPU.ActiveCfg = Debug|Any CPU
		{CBDA3C30-8B22-41BE-B5D5-43943A0A4A6A}.Debug|Any CPU.Build.0 = Debug|Any CPU
		{CBDA3C30-8B22-41BE-B5D5-43943A0A4A6A}.Release|Any CPU.ActiveCfg = Release|Any CPU
		{CBDA3C30-8B22-41BE-B5D5-43943A0A4A6A}.Release|Any CPU.Build.0 = Release|Any CPU
		{1DFB7332-0017-4C9F-8CDA-E69048F0BEF8}.Debug|Any CPU.ActiveCfg = Debug|Any CPU
		{1DFB7332-0017-4C9F-8CDA-E69048F0BEF8}.Debug|Any CPU.Build.0 = Debug|Any CPU
		{1DFB7332-0017-4C9F-8CDA-E69048F0BEF8}.Release|Any CPU.ActiveCfg = Release|Any CPU
		{1DFB7332-0017-4C9F-8CDA-E69048F0BEF8}.Release|Any CPU.Build.0 = Release|Any CPU
		{2456D8E7-899A-4026-8947-91D95F260733}.Debug|Any CPU.ActiveCfg = Debug|Any CPU
		{2456D8E7-899A-4026-8947-91D95F260733}.Debug|Any CPU.Build.0 = Debug|Any CPU
		{2456D8E7-899A-4026-8947-91D95F260733}.Release|Any CPU.ActiveCfg = Release|Any CPU
		{2456D8E7-899A-4026-8947-91D95F260733}.Release|Any CPU.Build.0 = Release|Any CPU
	EndGlobalSection
	GlobalSection(SolutionProperties) = preSolution
		HideSolutionNode = FALSE
	EndGlobalSection
EndGlobal
